// !$*UTF8*$!
{
	archiveVersion = 1;
	classes = {
	};
	objectVersion = 46;
	objects = {

/* Begin PBXBuildFile section */
		19DD671837A1AE120951B9AA /* Pods_firechatUITests.framework in Frameworks */ = {isa = PBXBuildFile; fileRef = 8E40CAD93B485C3AB75C2214 /* Pods_firechatUITests.framework */; };
		494889031F7018DD008006E9 /* NewMessageController.swift in Sources */ = {isa = PBXBuildFile; fileRef = 494889021F7018DD008006E9 /* NewMessageController.swift */; };
		4959C60F1F81BCEF0058A4C0 /* ChatLogController.swift in Sources */ = {isa = PBXBuildFile; fileRef = 4959C60E1F81BCEF0058A4C0 /* ChatLogController.swift */; };
		4959C6131F82E2560058A4C0 /* Message.swift in Sources */ = {isa = PBXBuildFile; fileRef = 4959C6121F82E2560058A4C0 /* Message.swift */; };
		4959C6161F82EB0E0058A4C0 /* UserCell.swift in Sources */ = {isa = PBXBuildFile; fileRef = 4959C6151F82EB0E0058A4C0 /* UserCell.swift */; };
		496DEC111F75AFF80048BE38 /* User.swift in Sources */ = {isa = PBXBuildFile; fileRef = 496DEC101F75AFF80048BE38 /* User.swift */; };
		496DEC131F77050F0048BE38 /* LoginController+handlers.swift in Sources */ = {isa = PBXBuildFile; fileRef = 496DEC121F77050F0048BE38 /* LoginController+handlers.swift */; };
		496DEC161F797B1F0048BE38 /* Extensions.swift in Sources */ = {isa = PBXBuildFile; fileRef = 496DEC151F797B1F0048BE38 /* Extensions.swift */; };
		49DC860F1F66BDCD00D86C69 /* GoogleService-Info.plist in Resources */ = {isa = PBXBuildFile; fileRef = 49DC860E1F66BDCD00D86C69 /* GoogleService-Info.plist */; };
		49DCA2E91F64694000AF85C8 /* AppDelegate.swift in Sources */ = {isa = PBXBuildFile; fileRef = 49DCA2E81F64694000AF85C8 /* AppDelegate.swift */; };
		49DCA2EB1F64694000AF85C8 /* MessagesController.swift in Sources */ = {isa = PBXBuildFile; fileRef = 49DCA2EA1F64694000AF85C8 /* MessagesController.swift */; };
		49DCA2EE1F64694000AF85C8 /* Main.storyboard in Resources */ = {isa = PBXBuildFile; fileRef = 49DCA2EC1F64694000AF85C8 /* Main.storyboard */; };
		49DCA2F01F64694000AF85C8 /* Assets.xcassets in Resources */ = {isa = PBXBuildFile; fileRef = 49DCA2EF1F64694000AF85C8 /* Assets.xcassets */; };
		49DCA2F31F64694000AF85C8 /* LaunchScreen.storyboard in Resources */ = {isa = PBXBuildFile; fileRef = 49DCA2F11F64694000AF85C8 /* LaunchScreen.storyboard */; };
		49DCA2FE1F64694000AF85C8 /* firechatTests.swift in Sources */ = {isa = PBXBuildFile; fileRef = 49DCA2FD1F64694000AF85C8 /* firechatTests.swift */; };
		49DCA3091F64694000AF85C8 /* firechatUITests.swift in Sources */ = {isa = PBXBuildFile; fileRef = 49DCA3081F64694000AF85C8 /* firechatUITests.swift */; };
		49DCA3181F646C7500AF85C8 /* LoginController.swift in Sources */ = {isa = PBXBuildFile; fileRef = 49DCA3171F646C7500AF85C8 /* LoginController.swift */; };
		8692B285E36FE3ECE2D0FF0D /* Pods_firechat.framework in Frameworks */ = {isa = PBXBuildFile; fileRef = 6DFD180313001A6B61E84A08 /* Pods_firechat.framework */; };
		F527839EE581754A44A4C61A /* Pods_firechatTests.framework in Frameworks */ = {isa = PBXBuildFile; fileRef = EE7FB8264BEE55BFCD9885FE /* Pods_firechatTests.framework */; };
/* End PBXBuildFile section */

/* Begin PBXContainerItemProxy section */
		49DCA2FA1F64694000AF85C8 /* PBXContainerItemProxy */ = {
			isa = PBXContainerItemProxy;
			containerPortal = 49DCA2DD1F64694000AF85C8 /* Project object */;
			proxyType = 1;
			remoteGlobalIDString = 49DCA2E41F64694000AF85C8;
			remoteInfo = firechat;
		};
		49DCA3051F64694000AF85C8 /* PBXContainerItemProxy */ = {
			isa = PBXContainerItemProxy;
			containerPortal = 49DCA2DD1F64694000AF85C8 /* Project object */;
			proxyType = 1;
			remoteGlobalIDString = 49DCA2E41F64694000AF85C8;
			remoteInfo = firechat;
		};
/* End PBXContainerItemProxy section */

/* Begin PBXFileReference section */
		1B017E486FAB0A92940F7C7C /* Pods-firechatTests.release.xcconfig */ = {isa = PBXFileReference; includeInIndex = 1; lastKnownFileType = text.xcconfig; name = "Pods-firechatTests.release.xcconfig"; path = "Pods/Target Support Files/Pods-firechatTests/Pods-firechatTests.release.xcconfig"; sourceTree = "<group>"; };
		494889021F7018DD008006E9 /* NewMessageController.swift */ = {isa = PBXFileReference; fileEncoding = 4; lastKnownFileType = sourcecode.swift; path = NewMessageController.swift; sourceTree = "<group>"; };
		4959C60E1F81BCEF0058A4C0 /* ChatLogController.swift */ = {isa = PBXFileReference; lastKnownFileType = sourcecode.swift; path = ChatLogController.swift; sourceTree = "<group>"; };
		4959C6121F82E2560058A4C0 /* Message.swift */ = {isa = PBXFileReference; lastKnownFileType = sourcecode.swift; path = Message.swift; sourceTree = "<group>"; };
		4959C6151F82EB0E0058A4C0 /* UserCell.swift */ = {isa = PBXFileReference; lastKnownFileType = sourcecode.swift; path = UserCell.swift; sourceTree = "<group>"; };
		496DEC101F75AFF80048BE38 /* User.swift */ = {isa = PBXFileReference; lastKnownFileType = sourcecode.swift; path = User.swift; sourceTree = "<group>"; };
		496DEC121F77050F0048BE38 /* LoginController+handlers.swift */ = {isa = PBXFileReference; lastKnownFileType = sourcecode.swift; path = "LoginController+handlers.swift"; sourceTree = "<group>"; };
		496DEC151F797B1F0048BE38 /* Extensions.swift */ = {isa = PBXFileReference; lastKnownFileType = sourcecode.swift; path = Extensions.swift; sourceTree = "<group>"; };
		49DC860E1F66BDCD00D86C69 /* GoogleService-Info.plist */ = {isa = PBXFileReference; fileEncoding = 4; lastKnownFileType = text.plist.xml; path = "GoogleService-Info.plist"; sourceTree = "<group>"; };
		49DCA2E51F64694000AF85C8 /* firechat.app */ = {isa = PBXFileReference; explicitFileType = wrapper.application; includeInIndex = 0; path = firechat.app; sourceTree = BUILT_PRODUCTS_DIR; };
		49DCA2E81F64694000AF85C8 /* AppDelegate.swift */ = {isa = PBXFileReference; lastKnownFileType = sourcecode.swift; path = AppDelegate.swift; sourceTree = "<group>"; };
		49DCA2EA1F64694000AF85C8 /* MessagesController.swift */ = {isa = PBXFileReference; lastKnownFileType = sourcecode.swift; path = MessagesController.swift; sourceTree = "<group>"; };
		49DCA2ED1F64694000AF85C8 /* Base */ = {isa = PBXFileReference; lastKnownFileType = file.storyboard; name = Base; path = Base.lproj/Main.storyboard; sourceTree = "<group>"; };
		49DCA2EF1F64694000AF85C8 /* Assets.xcassets */ = {isa = PBXFileReference; lastKnownFileType = folder.assetcatalog; path = Assets.xcassets; sourceTree = "<group>"; };
		49DCA2F21F64694000AF85C8 /* Base */ = {isa = PBXFileReference; lastKnownFileType = file.storyboard; name = Base; path = Base.lproj/LaunchScreen.storyboard; sourceTree = "<group>"; };
		49DCA2F41F64694000AF85C8 /* Info.plist */ = {isa = PBXFileReference; lastKnownFileType = text.plist.xml; path = Info.plist; sourceTree = "<group>"; };
		49DCA2F91F64694000AF85C8 /* firechatTests.xctest */ = {isa = PBXFileReference; explicitFileType = wrapper.cfbundle; includeInIndex = 0; path = firechatTests.xctest; sourceTree = BUILT_PRODUCTS_DIR; };
		49DCA2FD1F64694000AF85C8 /* firechatTests.swift */ = {isa = PBXFileReference; lastKnownFileType = sourcecode.swift; path = firechatTests.swift; sourceTree = "<group>"; };
		49DCA2FF1F64694000AF85C8 /* Info.plist */ = {isa = PBXFileReference; lastKnownFileType = text.plist.xml; path = Info.plist; sourceTree = "<group>"; };
		49DCA3041F64694000AF85C8 /* firechatUITests.xctest */ = {isa = PBXFileReference; explicitFileType = wrapper.cfbundle; includeInIndex = 0; path = firechatUITests.xctest; sourceTree = BUILT_PRODUCTS_DIR; };
		49DCA3081F64694000AF85C8 /* firechatUITests.swift */ = {isa = PBXFileReference; lastKnownFileType = sourcecode.swift; path = firechatUITests.swift; sourceTree = "<group>"; };
		49DCA30A1F64694000AF85C8 /* Info.plist */ = {isa = PBXFileReference; lastKnownFileType = text.plist.xml; path = Info.plist; sourceTree = "<group>"; };
		49DCA3171F646C7500AF85C8 /* LoginController.swift */ = {isa = PBXFileReference; fileEncoding = 4; lastKnownFileType = sourcecode.swift; path = LoginController.swift; sourceTree = "<group>"; };
		6DFD180313001A6B61E84A08 /* Pods_firechat.framework */ = {isa = PBXFileReference; explicitFileType = wrapper.framework; includeInIndex = 0; path = Pods_firechat.framework; sourceTree = BUILT_PRODUCTS_DIR; };
		7D82F56F7BC2430A29FBB8B3 /* Pods-firechatUITests.debug.xcconfig */ = {isa = PBXFileReference; includeInIndex = 1; lastKnownFileType = text.xcconfig; name = "Pods-firechatUITests.debug.xcconfig"; path = "Pods/Target Support Files/Pods-firechatUITests/Pods-firechatUITests.debug.xcconfig"; sourceTree = "<group>"; };
		8E40CAD93B485C3AB75C2214 /* Pods_firechatUITests.framework */ = {isa = PBXFileReference; explicitFileType = wrapper.framework; includeInIndex = 0; path = Pods_firechatUITests.framework; sourceTree = BUILT_PRODUCTS_DIR; };
		94DCE87D190B3E8350501EA8 /* Pods-firechatUITests.release.xcconfig */ = {isa = PBXFileReference; includeInIndex = 1; lastKnownFileType = text.xcconfig; name = "Pods-firechatUITests.release.xcconfig"; path = "Pods/Target Support Files/Pods-firechatUITests/Pods-firechatUITests.release.xcconfig"; sourceTree = "<group>"; };
		B5635C6BA1D5C8DCF64F660B /* Pods-firechat.debug.xcconfig */ = {isa = PBXFileReference; includeInIndex = 1; lastKnownFileType = text.xcconfig; name = "Pods-firechat.debug.xcconfig"; path = "Pods/Target Support Files/Pods-firechat/Pods-firechat.debug.xcconfig"; sourceTree = "<group>"; };
		B6F049F55653C6C095F0F564 /* Pods-firechatTests.debug.xcconfig */ = {isa = PBXFileReference; includeInIndex = 1; lastKnownFileType = text.xcconfig; name = "Pods-firechatTests.debug.xcconfig"; path = "Pods/Target Support Files/Pods-firechatTests/Pods-firechatTests.debug.xcconfig"; sourceTree = "<group>"; };
		C850823988F119D1CF846512 /* Pods-firechat.release.xcconfig */ = {isa = PBXFileReference; includeInIndex = 1; lastKnownFileType = text.xcconfig; name = "Pods-firechat.release.xcconfig"; path = "Pods/Target Support Files/Pods-firechat/Pods-firechat.release.xcconfig"; sourceTree = "<group>"; };
		EE7FB8264BEE55BFCD9885FE /* Pods_firechatTests.framework */ = {isa = PBXFileReference; explicitFileType = wrapper.framework; includeInIndex = 0; path = Pods_firechatTests.framework; sourceTree = BUILT_PRODUCTS_DIR; };
/* End PBXFileReference section */

/* Begin PBXFrameworksBuildPhase section */
		49DCA2E21F64694000AF85C8 /* Frameworks */ = {
			isa = PBXFrameworksBuildPhase;
			buildActionMask = 2147483647;
			files = (
				8692B285E36FE3ECE2D0FF0D /* Pods_firechat.framework in Frameworks */,
			);
			runOnlyForDeploymentPostprocessing = 0;
		};
		49DCA2F61F64694000AF85C8 /* Frameworks */ = {
			isa = PBXFrameworksBuildPhase;
			buildActionMask = 2147483647;
			files = (
				F527839EE581754A44A4C61A /* Pods_firechatTests.framework in Frameworks */,
			);
			runOnlyForDeploymentPostprocessing = 0;
		};
		49DCA3011F64694000AF85C8 /* Frameworks */ = {
			isa = PBXFrameworksBuildPhase;
			buildActionMask = 2147483647;
			files = (
				19DD671837A1AE120951B9AA /* Pods_firechatUITests.framework in Frameworks */,
			);
			runOnlyForDeploymentPostprocessing = 0;
		};
/* End PBXFrameworksBuildPhase section */

/* Begin PBXGroup section */
		4959C6141F82EAFF0058A4C0 /* View */ = {
			isa = PBXGroup;
			children = (
				4959C6151F82EB0E0058A4C0 /* UserCell.swift */,
			);
			name = View;
			sourceTree = "<group>";
		};
		496DEC0F1F75AF5D0048BE38 /* Model */ = {
			isa = PBXGroup;
			children = (
				496DEC101F75AFF80048BE38 /* User.swift */,
				4959C6121F82E2560058A4C0 /* Message.swift */,
			);
			name = Model;
			sourceTree = "<group>";
		};
		496DEC141F797B100048BE38 /* Helpers */ = {
			isa = PBXGroup;
			children = (
				496DEC151F797B1F0048BE38 /* Extensions.swift */,
			);
			name = Helpers;
			sourceTree = "<group>";
		};
		49DCA2DC1F64694000AF85C8 = {
			isa = PBXGroup;
			children = (
				49DCA2E71F64694000AF85C8 /* firechat */,
				49DCA2FC1F64694000AF85C8 /* firechatTests */,
				49DCA3071F64694000AF85C8 /* firechatUITests */,
				49DCA2E61F64694000AF85C8 /* Products */,
				D7C7370790DC4AC4EC408BEE /* Pods */,
				C090ADB4F6EF221F28650750 /* Frameworks */,
			);
			sourceTree = "<group>";
		};
		49DCA2E61F64694000AF85C8 /* Products */ = {
			isa = PBXGroup;
			children = (
				49DCA2E51F64694000AF85C8 /* firechat.app */,
				49DCA2F91F64694000AF85C8 /* firechatTests.xctest */,
				49DCA3041F64694000AF85C8 /* firechatUITests.xctest */,
			);
			name = Products;
			sourceTree = "<group>";
		};
		49DCA2E71F64694000AF85C8 /* firechat */ = {
			isa = PBXGroup;
			children = (
				4959C6141F82EAFF0058A4C0 /* View */,
				496DEC141F797B100048BE38 /* Helpers */,
				496DEC0F1F75AF5D0048BE38 /* Model */,
				49DCA3161F646C6500AF85C8 /* Controller */,
				49DCA2E81F64694000AF85C8 /* AppDelegate.swift */,
				49DCA2EC1F64694000AF85C8 /* Main.storyboard */,
				49DCA2EF1F64694000AF85C8 /* Assets.xcassets */,
				49DCA2F11F64694000AF85C8 /* LaunchScreen.storyboard */,
				49DCA2F41F64694000AF85C8 /* Info.plist */,
				49DC860E1F66BDCD00D86C69 /* GoogleService-Info.plist */,
			);
			path = firechat;
			sourceTree = "<group>";
		};
		49DCA2FC1F64694000AF85C8 /* firechatTests */ = {
			isa = PBXGroup;
			children = (
				49DCA2FD1F64694000AF85C8 /* firechatTests.swift */,
				49DCA2FF1F64694000AF85C8 /* Info.plist */,
			);
			path = firechatTests;
			sourceTree = "<group>";
		};
		49DCA3071F64694000AF85C8 /* firechatUITests */ = {
			isa = PBXGroup;
			children = (
				49DCA3081F64694000AF85C8 /* firechatUITests.swift */,
				49DCA30A1F64694000AF85C8 /* Info.plist */,
			);
			path = firechatUITests;
			sourceTree = "<group>";
		};
		49DCA3161F646C6500AF85C8 /* Controller */ = {
			isa = PBXGroup;
			children = (
				49DCA3171F646C7500AF85C8 /* LoginController.swift */,
				49DCA2EA1F64694000AF85C8 /* MessagesController.swift */,
				494889021F7018DD008006E9 /* NewMessageController.swift */,
				496DEC121F77050F0048BE38 /* LoginController+handlers.swift */,
				4959C60E1F81BCEF0058A4C0 /* ChatLogController.swift */,
			);
			name = Controller;
			sourceTree = "<group>";
		};
		C090ADB4F6EF221F28650750 /* Frameworks */ = {
			isa = PBXGroup;
			children = (
				6DFD180313001A6B61E84A08 /* Pods_firechat.framework */,
				EE7FB8264BEE55BFCD9885FE /* Pods_firechatTests.framework */,
				8E40CAD93B485C3AB75C2214 /* Pods_firechatUITests.framework */,
			);
			name = Frameworks;
			sourceTree = "<group>";
		};
		D7C7370790DC4AC4EC408BEE /* Pods */ = {
			isa = PBXGroup;
			children = (
				B5635C6BA1D5C8DCF64F660B /* Pods-firechat.debug.xcconfig */,
				C850823988F119D1CF846512 /* Pods-firechat.release.xcconfig */,
				B6F049F55653C6C095F0F564 /* Pods-firechatTests.debug.xcconfig */,
				1B017E486FAB0A92940F7C7C /* Pods-firechatTests.release.xcconfig */,
				7D82F56F7BC2430A29FBB8B3 /* Pods-firechatUITests.debug.xcconfig */,
				94DCE87D190B3E8350501EA8 /* Pods-firechatUITests.release.xcconfig */,
			);
			name = Pods;
			sourceTree = "<group>";
		};
/* End PBXGroup section */

/* Begin PBXNativeTarget section */
		49DCA2E41F64694000AF85C8 /* firechat */ = {
			isa = PBXNativeTarget;
			buildConfigurationList = 49DCA30D1F64694000AF85C8 /* Build configuration list for PBXNativeTarget "firechat" */;
			buildPhases = (
				E8A14898AB54B5E953A349B3 /* [CP] Check Pods Manifest.lock */,
				49DCA2E11F64694000AF85C8 /* Sources */,
				49DCA2E21F64694000AF85C8 /* Frameworks */,
				49DCA2E31F64694000AF85C8 /* Resources */,
				A6BF10D7E025794CA276DBB6 /* [CP] Embed Pods Frameworks */,
				CDEBE46C159F76BD057F4A1E /* [CP] Copy Pods Resources */,
			);
			buildRules = (
			);
			dependencies = (
			);
			name = firechat;
			productName = firechat;
			productReference = 49DCA2E51F64694000AF85C8 /* firechat.app */;
			productType = "com.apple.product-type.application";
		};
		49DCA2F81F64694000AF85C8 /* firechatTests */ = {
			isa = PBXNativeTarget;
			buildConfigurationList = 49DCA3101F64694000AF85C8 /* Build configuration list for PBXNativeTarget "firechatTests" */;
			buildPhases = (
				C3F02F32239ABB0A9C2BAE70 /* [CP] Check Pods Manifest.lock */,
				49DCA2F51F64694000AF85C8 /* Sources */,
				49DCA2F61F64694000AF85C8 /* Frameworks */,
				49DCA2F71F64694000AF85C8 /* Resources */,
				05CE201948A77A564503F325 /* [CP] Embed Pods Frameworks */,
				68CFFD5E068E43B6A411065C /* [CP] Copy Pods Resources */,
			);
			buildRules = (
			);
			dependencies = (
				49DCA2FB1F64694000AF85C8 /* PBXTargetDependency */,
			);
			name = firechatTests;
			productName = firechatTests;
			productReference = 49DCA2F91F64694000AF85C8 /* firechatTests.xctest */;
			productType = "com.apple.product-type.bundle.unit-test";
		};
		49DCA3031F64694000AF85C8 /* firechatUITests */ = {
			isa = PBXNativeTarget;
			buildConfigurationList = 49DCA3131F64694000AF85C8 /* Build configuration list for PBXNativeTarget "firechatUITests" */;
			buildPhases = (
				A64B81F47DAD84DD66805413 /* [CP] Check Pods Manifest.lock */,
				49DCA3001F64694000AF85C8 /* Sources */,
				49DCA3011F64694000AF85C8 /* Frameworks */,
				49DCA3021F64694000AF85C8 /* Resources */,
				D8C000E9E137C12DEA998D1C /* [CP] Embed Pods Frameworks */,
				E1023D1B6ED5672DE9F1D724 /* [CP] Copy Pods Resources */,
			);
			buildRules = (
			);
			dependencies = (
				49DCA3061F64694000AF85C8 /* PBXTargetDependency */,
			);
			name = firechatUITests;
			productName = firechatUITests;
			productReference = 49DCA3041F64694000AF85C8 /* firechatUITests.xctest */;
			productType = "com.apple.product-type.bundle.ui-testing";
		};
/* End PBXNativeTarget section */

/* Begin PBXProject section */
		49DCA2DD1F64694000AF85C8 /* Project object */ = {
			isa = PBXProject;
			attributes = {
				LastSwiftUpdateCheck = 0830;
				LastUpgradeCheck = 0900;
				ORGANIZATIONNAME = "Andrew Carvajal";
				TargetAttributes = {
					49DCA2E41F64694000AF85C8 = {
						CreatedOnToolsVersion = 8.3.3;
						DevelopmentTeam = 43B5CQKAZ4;
						ProvisioningStyle = Automatic;
					};
					49DCA2F81F64694000AF85C8 = {
						CreatedOnToolsVersion = 8.3.3;
						DevelopmentTeam = 43B5CQKAZ4;
						ProvisioningStyle = Automatic;
						TestTargetID = 49DCA2E41F64694000AF85C8;
					};
					49DCA3031F64694000AF85C8 = {
						CreatedOnToolsVersion = 8.3.3;
						DevelopmentTeam = 43B5CQKAZ4;
						ProvisioningStyle = Automatic;
						TestTargetID = 49DCA2E41F64694000AF85C8;
					};
				};
			};
			buildConfigurationList = 49DCA2E01F64694000AF85C8 /* Build configuration list for PBXProject "firechat" */;
			compatibilityVersion = "Xcode 3.2";
			developmentRegion = English;
			hasScannedForEncodings = 0;
			knownRegions = (
				en,
				Base,
			);
			mainGroup = 49DCA2DC1F64694000AF85C8;
			productRefGroup = 49DCA2E61F64694000AF85C8 /* Products */;
			projectDirPath = "";
			projectRoot = "";
			targets = (
				49DCA2E41F64694000AF85C8 /* firechat */,
				49DCA2F81F64694000AF85C8 /* firechatTests */,
				49DCA3031F64694000AF85C8 /* firechatUITests */,
			);
		};
/* End PBXProject section */

/* Begin PBXResourcesBuildPhase section */
		49DCA2E31F64694000AF85C8 /* Resources */ = {
			isa = PBXResourcesBuildPhase;
			buildActionMask = 2147483647;
			files = (
				49DCA2F31F64694000AF85C8 /* LaunchScreen.storyboard in Resources */,
				49DCA2F01F64694000AF85C8 /* Assets.xcassets in Resources */,
				49DCA2EE1F64694000AF85C8 /* Main.storyboard in Resources */,
				49DC860F1F66BDCD00D86C69 /* GoogleService-Info.plist in Resources */,
			);
			runOnlyForDeploymentPostprocessing = 0;
		};
		49DCA2F71F64694000AF85C8 /* Resources */ = {
			isa = PBXResourcesBuildPhase;
			buildActionMask = 2147483647;
			files = (
			);
			runOnlyForDeploymentPostprocessing = 0;
		};
		49DCA3021F64694000AF85C8 /* Resources */ = {
			isa = PBXResourcesBuildPhase;
			buildActionMask = 2147483647;
			files = (
			);
			runOnlyForDeploymentPostprocessing = 0;
		};
/* End PBXResourcesBuildPhase section */

/* Begin PBXShellScriptBuildPhase section */
		05CE201948A77A564503F325 /* [CP] Embed Pods Frameworks */ = {
			isa = PBXShellScriptBuildPhase;
			buildActionMask = 2147483647;
			files = (
			);
			inputPaths = (
			);
			name = "[CP] Embed Pods Frameworks";
			outputPaths = (
			);
			runOnlyForDeploymentPostprocessing = 0;
			shellPath = /bin/sh;
			shellScript = "\"${SRCROOT}/Pods/Target Support Files/Pods-firechatTests/Pods-firechatTests-frameworks.sh\"\n";
			showEnvVarsInLog = 0;
		};
		68CFFD5E068E43B6A411065C /* [CP] Copy Pods Resources */ = {
			isa = PBXShellScriptBuildPhase;
			buildActionMask = 2147483647;
			files = (
			);
			inputPaths = (
			);
			name = "[CP] Copy Pods Resources";
			outputPaths = (
			);
			runOnlyForDeploymentPostprocessing = 0;
			shellPath = /bin/sh;
			shellScript = "\"${SRCROOT}/Pods/Target Support Files/Pods-firechatTests/Pods-firechatTests-resources.sh\"\n";
			showEnvVarsInLog = 0;
		};
		A64B81F47DAD84DD66805413 /* [CP] Check Pods Manifest.lock */ = {
			isa = PBXShellScriptBuildPhase;
			buildActionMask = 2147483647;
			files = (
			);
			inputPaths = (
			);
			name = "[CP] Check Pods Manifest.lock";
			outputPaths = (
			);
			runOnlyForDeploymentPostprocessing = 0;
			shellPath = /bin/sh;
			shellScript = "diff \"${PODS_ROOT}/../Podfile.lock\" \"${PODS_ROOT}/Manifest.lock\" > /dev/null\nif [ $? != 0 ] ; then\n    # print error to STDERR\n    echo \"error: The sandbox is not in sync with the Podfile.lock. Run 'pod install' or update your CocoaPods installation.\" >&2\n    exit 1\nfi\n";
			showEnvVarsInLog = 0;
		};
		A6BF10D7E025794CA276DBB6 /* [CP] Embed Pods Frameworks */ = {
			isa = PBXShellScriptBuildPhase;
			buildActionMask = 2147483647;
			files = (
			);
			inputPaths = (
			);
			name = "[CP] Embed Pods Frameworks";
			outputPaths = (
			);
			runOnlyForDeploymentPostprocessing = 0;
			shellPath = /bin/sh;
			shellScript = "\"${SRCROOT}/Pods/Target Support Files/Pods-firechat/Pods-firechat-frameworks.sh\"\n";
			showEnvVarsInLog = 0;
		};
		C3F02F32239ABB0A9C2BAE70 /* [CP] Check Pods Manifest.lock */ = {
			isa = PBXShellScriptBuildPhase;
			buildActionMask = 2147483647;
			files = (
			);
			inputPaths = (
			);
			name = "[CP] Check Pods Manifest.lock";
			outputPaths = (
			);
			runOnlyForDeploymentPostprocessing = 0;
			shellPath = /bin/sh;
			shellScript = "diff \"${PODS_ROOT}/../Podfile.lock\" \"${PODS_ROOT}/Manifest.lock\" > /dev/null\nif [ $? != 0 ] ; then\n    # print error to STDERR\n    echo \"error: The sandbox is not in sync with the Podfile.lock. Run 'pod install' or update your CocoaPods installation.\" >&2\n    exit 1\nfi\n";
			showEnvVarsInLog = 0;
		};
		CDEBE46C159F76BD057F4A1E /* [CP] Copy Pods Resources */ = {
			isa = PBXShellScriptBuildPhase;
			buildActionMask = 2147483647;
			files = (
			);
			inputPaths = (
			);
			name = "[CP] Copy Pods Resources";
			outputPaths = (
			);
			runOnlyForDeploymentPostprocessing = 0;
			shellPath = /bin/sh;
			shellScript = "\"${SRCROOT}/Pods/Target Support Files/Pods-firechat/Pods-firechat-resources.sh\"\n";
			showEnvVarsInLog = 0;
		};
		D8C000E9E137C12DEA998D1C /* [CP] Embed Pods Frameworks */ = {
			isa = PBXShellScriptBuildPhase;
			buildActionMask = 2147483647;
			files = (
			);
			inputPaths = (
			);
			name = "[CP] Embed Pods Frameworks";
			outputPaths = (
			);
			runOnlyForDeploymentPostprocessing = 0;
			shellPath = /bin/sh;
			shellScript = "\"${SRCROOT}/Pods/Target Support Files/Pods-firechatUITests/Pods-firechatUITests-frameworks.sh\"\n";
			showEnvVarsInLog = 0;
		};
		E1023D1B6ED5672DE9F1D724 /* [CP] Copy Pods Resources */ = {
			isa = PBXShellScriptBuildPhase;
			buildActionMask = 2147483647;
			files = (
			);
			inputPaths = (
			);
			name = "[CP] Copy Pods Resources";
			outputPaths = (
			);
			runOnlyForDeploymentPostprocessing = 0;
			shellPath = /bin/sh;
			shellScript = "\"${SRCROOT}/Pods/Target Support Files/Pods-firechatUITests/Pods-firechatUITests-resources.sh\"\n";
			showEnvVarsInLog = 0;
		};
		E8A14898AB54B5E953A349B3 /* [CP] Check Pods Manifest.lock */ = {
			isa = PBXShellScriptBuildPhase;
			buildActionMask = 2147483647;
			files = (
			);
			inputPaths = (
			);
			name = "[CP] Check Pods Manifest.lock";
			outputPaths = (
			);
			runOnlyForDeploymentPostprocessing = 0;
			shellPath = /bin/sh;
			shellScript = "diff \"${PODS_ROOT}/../Podfile.lock\" \"${PODS_ROOT}/Manifest.lock\" > /dev/null\nif [ $? != 0 ] ; then\n    # print error to STDERR\n    echo \"error: The sandbox is not in sync with the Podfile.lock. Run 'pod install' or update your CocoaPods installation.\" >&2\n    exit 1\nfi\n";
			showEnvVarsInLog = 0;
		};
/* End PBXShellScriptBuildPhase section */

/* Begin PBXSourcesBuildPhase section */
		49DCA2E11F64694000AF85C8 /* Sources */ = {
			isa = PBXSourcesBuildPhase;
			buildActionMask = 2147483647;
			files = (
				4959C60F1F81BCEF0058A4C0 /* ChatLogController.swift in Sources */,
				494889031F7018DD008006E9 /* NewMessageController.swift in Sources */,
				49DCA2EB1F64694000AF85C8 /* MessagesController.swift in Sources */,
				496DEC131F77050F0048BE38 /* LoginController+handlers.swift in Sources */,
				49DCA3181F646C7500AF85C8 /* LoginController.swift in Sources */,
				496DEC111F75AFF80048BE38 /* User.swift in Sources */,
				4959C6131F82E2560058A4C0 /* Message.swift in Sources */,
				49DCA2E91F64694000AF85C8 /* AppDelegate.swift in Sources */,
				4959C6161F82EB0E0058A4C0 /* UserCell.swift in Sources */,
				496DEC161F797B1F0048BE38 /* Extensions.swift in Sources */,
			);
			runOnlyForDeploymentPostprocessing = 0;
		};
		49DCA2F51F64694000AF85C8 /* Sources */ = {
			isa = PBXSourcesBuildPhase;
			buildActionMask = 2147483647;
			files = (
				49DCA2FE1F64694000AF85C8 /* firechatTests.swift in Sources */,
			);
			runOnlyForDeploymentPostprocessing = 0;
		};
		49DCA3001F64694000AF85C8 /* Sources */ = {
			isa = PBXSourcesBuildPhase;
			buildActionMask = 2147483647;
			files = (
				49DCA3091F64694000AF85C8 /* firechatUITests.swift in Sources */,
			);
			runOnlyForDeploymentPostprocessing = 0;
		};
/* End PBXSourcesBuildPhase section */

/* Begin PBXTargetDependency section */
		49DCA2FB1F64694000AF85C8 /* PBXTargetDependency */ = {
			isa = PBXTargetDependency;
			target = 49DCA2E41F64694000AF85C8 /* firechat */;
			targetProxy = 49DCA2FA1F64694000AF85C8 /* PBXContainerItemProxy */;
		};
		49DCA3061F64694000AF85C8 /* PBXTargetDependency */ = {
			isa = PBXTargetDependency;
			target = 49DCA2E41F64694000AF85C8 /* firechat */;
			targetProxy = 49DCA3051F64694000AF85C8 /* PBXContainerItemProxy */;
		};
/* End PBXTargetDependency section */

/* Begin PBXVariantGroup section */
		49DCA2EC1F64694000AF85C8 /* Main.storyboard */ = {
			isa = PBXVariantGroup;
			children = (
				49DCA2ED1F64694000AF85C8 /* Base */,
			);
			name = Main.storyboard;
			sourceTree = "<group>";
		};
		49DCA2F11F64694000AF85C8 /* LaunchScreen.storyboard */ = {
			isa = PBXVariantGroup;
			children = (
				49DCA2F21F64694000AF85C8 /* Base */,
			);
			name = LaunchScreen.storyboard;
			sourceTree = "<group>";
		};
/* End PBXVariantGroup section */

/* Begin XCBuildConfiguration section */
		49DCA30B1F64694000AF85C8 /* Debug */ = {
			isa = XCBuildConfiguration;
			buildSettings = {
				ALWAYS_SEARCH_USER_PATHS = NO;
				CLANG_ANALYZER_NONNULL = YES;
				CLANG_ANALYZER_NUMBER_OBJECT_CONVERSION = YES_AGGRESSIVE;
				CLANG_CXX_LANGUAGE_STANDARD = "gnu++0x";
				CLANG_CXX_LIBRARY = "libc++";
				CLANG_ENABLE_MODULES = YES;
				CLANG_ENABLE_OBJC_ARC = YES;
				CLANG_WARN_BLOCK_CAPTURE_AUTORELEASING = YES;
				CLANG_WARN_BOOL_CONVERSION = YES;
				CLANG_WARN_COMMA = YES;
				CLANG_WARN_CONSTANT_CONVERSION = YES;
				CLANG_WARN_DIRECT_OBJC_ISA_USAGE = YES_ERROR;
				CLANG_WARN_DOCUMENTATION_COMMENTS = YES;
				CLANG_WARN_EMPTY_BODY = YES;
				CLANG_WARN_ENUM_CONVERSION = YES;
				CLANG_WARN_INFINITE_RECURSION = YES;
				CLANG_WARN_INT_CONVERSION = YES;
				CLANG_WARN_NON_LITERAL_NULL_CONVERSION = YES;
				CLANG_WARN_OBJC_LITERAL_CONVERSION = YES;
				CLANG_WARN_OBJC_ROOT_CLASS = YES_ERROR;
				CLANG_WARN_RANGE_LOOP_ANALYSIS = YES;
				CLANG_WARN_STRICT_PROTOTYPES = YES;
				CLANG_WARN_SUSPICIOUS_MOVE = YES;
				CLANG_WARN_UNREACHABLE_CODE = YES;
				CLANG_WARN__DUPLICATE_METHOD_MATCH = YES;
				"CODE_SIGN_IDENTITY[sdk=iphoneos*]" = "iPhone Developer";
				COPY_PHASE_STRIP = NO;
				DEBUG_INFORMATION_FORMAT = dwarf;
				ENABLE_STRICT_OBJC_MSGSEND = YES;
				ENABLE_TESTABILITY = YES;
				GCC_C_LANGUAGE_STANDARD = gnu99;
				GCC_DYNAMIC_NO_PIC = NO;
				GCC_NO_COMMON_BLOCKS = YES;
				GCC_OPTIMIZATION_LEVEL = 0;
				GCC_PREPROCESSOR_DEFINITIONS = (
					"DEBUG=1",
					"$(inherited)",
				);
				GCC_WARN_64_TO_32_BIT_CONVERSION = YES;
				GCC_WARN_ABOUT_RETURN_TYPE = YES_ERROR;
				GCC_WARN_UNDECLARED_SELECTOR = YES;
				GCC_WARN_UNINITIALIZED_AUTOS = YES_AGGRESSIVE;
				GCC_WARN_UNUSED_FUNCTION = YES;
				GCC_WARN_UNUSED_VARIABLE = YES;
				IPHONEOS_DEPLOYMENT_TARGET = 10.3;
				MTL_ENABLE_DEBUG_INFO = YES;
				ONLY_ACTIVE_ARCH = YES;
				SDKROOT = iphoneos;
				SWIFT_ACTIVE_COMPILATION_CONDITIONS = DEBUG;
				SWIFT_OPTIMIZATION_LEVEL = "-Onone";
			};
			name = Debug;
		};
		49DCA30C1F64694000AF85C8 /* Release */ = {
			isa = XCBuildConfiguration;
			buildSettings = {
				ALWAYS_SEARCH_USER_PATHS = NO;
				CLANG_ANALYZER_NONNULL = YES;
				CLANG_ANALYZER_NUMBER_OBJECT_CONVERSION = YES_AGGRESSIVE;
				CLANG_CXX_LANGUAGE_STANDARD = "gnu++0x";
				CLANG_CXX_LIBRARY = "libc++";
				CLANG_ENABLE_MODULES = YES;
				CLANG_ENABLE_OBJC_ARC = YES;
				CLANG_WARN_BLOCK_CAPTURE_AUTORELEASING = YES;
				CLANG_WARN_BOOL_CONVERSION = YES;
				CLANG_WARN_COMMA = YES;
				CLANG_WARN_CONSTANT_CONVERSION = YES;
				CLANG_WARN_DIRECT_OBJC_ISA_USAGE = YES_ERROR;
				CLANG_WARN_DOCUMENTATION_COMMENTS = YES;
				CLANG_WARN_EMPTY_BODY = YES;
				CLANG_WARN_ENUM_CONVERSION = YES;
				CLANG_WARN_INFINITE_RECURSION = YES;
				CLANG_WARN_INT_CONVERSION = YES;
				CLANG_WARN_NON_LITERAL_NULL_CONVERSION = YES;
				CLANG_WARN_OBJC_LITERAL_CONVERSION = YES;
				CLANG_WARN_OBJC_ROOT_CLASS = YES_ERROR;
				CLANG_WARN_RANGE_LOOP_ANALYSIS = YES;
				CLANG_WARN_STRICT_PROTOTYPES = YES;
				CLANG_WARN_SUSPICIOUS_MOVE = YES;
				CLANG_WARN_UNREACHABLE_CODE = YES;
				CLANG_WARN__DUPLICATE_METHOD_MATCH = YES;
				"CODE_SIGN_IDENTITY[sdk=iphoneos*]" = "iPhone Developer";
				COPY_PHASE_STRIP = NO;
				DEBUG_INFORMATION_FORMAT = "dwarf-with-dsym";
				ENABLE_NS_ASSERTIONS = NO;
				ENABLE_STRICT_OBJC_MSGSEND = YES;
				GCC_C_LANGUAGE_STANDARD = gnu99;
				GCC_NO_COMMON_BLOCKS = YES;
				GCC_WARN_64_TO_32_BIT_CONVERSION = YES;
				GCC_WARN_ABOUT_RETURN_TYPE = YES_ERROR;
				GCC_WARN_UNDECLARED_SELECTOR = YES;
				GCC_WARN_UNINITIALIZED_AUTOS = YES_AGGRESSIVE;
				GCC_WARN_UNUSED_FUNCTION = YES;
				GCC_WARN_UNUSED_VARIABLE = YES;
				IPHONEOS_DEPLOYMENT_TARGET = 10.3;
				MTL_ENABLE_DEBUG_INFO = NO;
				SDKROOT = iphoneos;
				SWIFT_OPTIMIZATION_LEVEL = "-Owholemodule";
				VALIDATE_PRODUCT = YES;
			};
			name = Release;
		};
		49DCA30E1F64694000AF85C8 /* Debug */ = {
			isa = XCBuildConfiguration;
			baseConfigurationReference = B5635C6BA1D5C8DCF64F660B /* Pods-firechat.debug.xcconfig */;
			buildSettings = {
				ASSETCATALOG_COMPILER_APPICON_NAME = AppIcon;
				DEVELOPMENT_TEAM = 43B5CQKAZ4;
				INFOPLIST_FILE = firechat/Info.plist;
				LD_RUNPATH_SEARCH_PATHS = "$(inherited) @executable_path/Frameworks";
				PRODUCT_BUNDLE_IDENTIFIER = com.appdrew.firechat;
				PRODUCT_NAME = "$(TARGET_NAME)";
				SWIFT_VERSION = 3.0;
			};
			name = Debug;
		};
		49DCA30F1F64694000AF85C8 /* Release */ = {
			isa = XCBuildConfiguration;
			baseConfigurationReference = C850823988F119D1CF846512 /* Pods-firechat.release.xcconfig */;
			buildSettings = {
				ASSETCATALOG_COMPILER_APPICON_NAME = AppIcon;
				DEVELOPMENT_TEAM = 43B5CQKAZ4;
				INFOPLIST_FILE = firechat/Info.plist;
				LD_RUNPATH_SEARCH_PATHS = "$(inherited) @executable_path/Frameworks";
				PRODUCT_BUNDLE_IDENTIFIER = com.appdrew.firechat;
				PRODUCT_NAME = "$(TARGET_NAME)";
				SWIFT_VERSION = 3.0;
			};
			name = Release;
		};
		49DCA3111F64694000AF85C8 /* Debug */ = {
			isa = XCBuildConfiguration;
			baseConfigurationReference = B6F049F55653C6C095F0F564 /* Pods-firechatTests.debug.xcconfig */;
			buildSettings = {
				ALWAYS_EMBED_SWIFT_STANDARD_LIBRARIES = YES;
				BUNDLE_LOADER = "$(TEST_HOST)";
				DEVELOPMENT_TEAM = 43B5CQKAZ4;
				INFOPLIST_FILE = firechatTests/Info.plist;
				LD_RUNPATH_SEARCH_PATHS = "$(inherited) @executable_path/Frameworks @loader_path/Frameworks";
				PRODUCT_BUNDLE_IDENTIFIER = com.appdrew.firechatTests;
				PRODUCT_NAME = "$(TARGET_NAME)";
				SWIFT_VERSION = 3.0;
				TEST_HOST = "$(BUILT_PRODUCTS_DIR)/firechat.app/firechat";
			};
			name = Debug;
		};
		49DCA3121F64694000AF85C8 /* Release */ = {
			isa = XCBuildConfiguration;
			baseConfigurationReference = 1B017E486FAB0A92940F7C7C /* Pods-firechatTests.release.xcconfig */;
			buildSettings = {
				ALWAYS_EMBED_SWIFT_STANDARD_LIBRARIES = YES;
				BUNDLE_LOADER = "$(TEST_HOST)";
				DEVELOPMENT_TEAM = 43B5CQKAZ4;
				INFOPLIST_FILE = firechatTests/Info.plist;
				LD_RUNPATH_SEARCH_PATHS = "$(inherited) @executable_path/Frameworks @loader_path/Frameworks";
				PRODUCT_BUNDLE_IDENTIFIER = com.appdrew.firechatTests;
				PRODUCT_NAME = "$(TARGET_NAME)";
				SWIFT_VERSION = 3.0;
				TEST_HOST = "$(BUILT_PRODUCTS_DIR)/firechat.app/firechat";
			};
			name = Release;
		};
		49DCA3141F64694000AF85C8 /* Debug */ = {
			isa = XCBuildConfiguration;
			baseConfigurationReference = 7D82F56F7BC2430A29FBB8B3 /* Pods-firechatUITests.debug.xcconfig */;
			buildSettings = {
				ALWAYS_EMBED_SWIFT_STANDARD_LIBRARIES = YES;
				DEVELOPMENT_TEAM = 43B5CQKAZ4;
				INFOPLIST_FILE = firechatUITests/Info.plist;
				LD_RUNPATH_SEARCH_PATHS = "$(inherited) @executable_path/Frameworks @loader_path/Frameworks";
				PRODUCT_BUNDLE_IDENTIFIER = com.appdrew.firechatUITests;
				PRODUCT_NAME = "$(TARGET_NAME)";
				SWIFT_VERSION = 3.0;
				TEST_TARGET_NAME = firechat;
			};
			name = Debug;
		};
		49DCA3151F64694000AF85C8 /* Release */ = {
			isa = XCBuildConfiguration;
			baseConfigurationReference = 94DCE87D190B3E8350501EA8 /* Pods-firechatUITests.release.xcconfig */;
			buildSettings = {
				ALWAYS_EMBED_SWIFT_STANDARD_LIBRARIES = YES;
				DEVELOPMENT_TEAM = 43B5CQKAZ4;
				INFOPLIST_FILE = firechatUITests/Info.plist;
				LD_RUNPATH_SEARCH_PATHS = "$(inherited) @executable_path/Frameworks @loader_path/Frameworks";
				PRODUCT_BUNDLE_IDENTIFIER = com.appdrew.firechatUITests;
				PRODUCT_NAME = "$(TARGET_NAME)";
				SWIFT_VERSION = 3.0;
				TEST_TARGET_NAME = firechat;
			};
			name = Release;
		};
/* End XCBuildConfiguration section */

/* Begin XCConfigurationList section */
		49DCA2E01F64694000AF85C8 /* Build configuration list for PBXProject "firechat" */ = {
			isa = XCConfigurationList;
			buildConfigurations = (
				49DCA30B1F64694000AF85C8 /* Debug */,
				49DCA30C1F64694000AF85C8 /* Release */,
			);
			defaultConfigurationIsVisible = 0;
			defaultConfigurationName = Release;
		};
		49DCA30D1F64694000AF85C8 /* Build configuration list for PBXNativeTarget "firechat" */ = {
			isa = XCConfigurationList;
			buildConfigurations = (
				49DCA30E1F64694000AF85C8 /* Debug */,
				49DCA30F1F64694000AF85C8 /* Release */,
			);
			defaultConfigurationIsVisible = 0;
			defaultConfigurationName = Release;
		};
		49DCA3101F64694000AF85C8 /* Build configuration list for PBXNativeTarget "firechatTests" */ = {
			isa = XCConfigurationList;
			buildConfigurations = (
				49DCA3111F64694000AF85C8 /* Debug */,
				49DCA3121F64694000AF85C8 /* Release */,
			);
			defaultConfigurationIsVisible = 0;
			defaultConfigurationName = Release;
		};
		49DCA3131F64694000AF85C8 /* Build configuration list for PBXNativeTarget "firechatUITests" */ = {
			isa = XCConfigurationList;
			buildConfigurations = (
				49DCA3141F64694000AF85C8 /* Debug */,
				49DCA3151F64694000AF85C8 /* Release */,
			);
			defaultConfigurationIsVisible = 0;
			defaultConfigurationName = Release;
		};
/* End XCConfigurationList section */
	};
	rootObject = 49DCA2DD1F64694000AF85C8 /* Project object */;
}
